
Microsoft Visual Studio Solution File, Format Version 12.00
# Visual Studio Version 17
VisualStudioVersion = 17.4.33110.190
MinimumVisualStudioVersion = 10.0.40219.1
Project("{FAE04EC0-301F-11D3-BF4B-00C04F79EFBC}") = "APIEnglishFlashCards", "APIEnglishFlashCards\APIEnglishFlashCards.csproj", "{1896877C-5146-4A68-B7EA-FF8453C3B942}"
EndProject
Project("{FAE04EC0-301F-11D3-BF4B-00C04F79EFBC}") = "FlashCards.Models", "FlashCards.Models\FlashCards.Models.csproj", "{7E4DBBB6-2464-4984-808F-857E8FAB86CD}"
EndProject
Global
	GlobalSection(SolutionConfigurationPlatforms) = preSolution
		Debug|Any CPU = Debug|Any CPU
		Release|Any CPU = Release|Any CPU
	EndGlobalSection
	GlobalSection(ProjectConfigurationPlatforms) = postSolution
		{1896877C-5146-4A68-B7EA-FF8453C3B942}.Debug|Any CPU.ActiveCfg = Debug|Any CPU
		{1896877C-5146-4A68-B7EA-FF8453C3B942}.Debug|Any CPU.Build.0 = Debug|Any CPU
		{1896877C-5146-4A68-B7EA-FF8453C3B942}.Release|Any CPU.ActiveCfg = Release|Any CPU
		{1896877C-5146-4A68-B7EA-FF8453C3B942}.Release|Any CPU.Build.0 = Release|Any CPU
		{7E4DBBB6-2464-4984-808F-857E8FAB86CD}.Debug|Any CPU.ActiveCfg = Debug|Any CPU
		{7E4DBBB6-2464-4984-808F-857E8FAB86CD}.Debug|Any CPU.Build.0 = Debug|Any CPU
		{7E4DBBB6-2464-4984-808F-857E8FAB86CD}.Release|Any CPU.ActiveCfg = Release|Any CPU
		{7E4DBBB6-2464-4984-808F-857E8FAB86CD}.Release|Any CPU.Build.0 = Release|Any CPU
	EndGlobalSection
	GlobalSection(SolutionProperties) = preSolution
		HideSolutionNode = FALSE
	EndGlobalSection
	GlobalSection(ExtensibilityGlobals) = postSolution
		SolutionGuid = {F19E6033-D933-4578-B912-CC006E037225}
	EndGlobalSection
EndGlobal
